
Microsoft Visual Studio Solution File, Format Version 12.00
# Visual Studio Version 17
VisualStudioVersion = 17.3.32922.545
MinimumVisualStudioVersion = 10.0.40219.1
Project("{FAE04EC0-301F-11D3-BF4B-00C04F79EFBC}") = "ceas_binar", "ceas_binar\ceas_binar.csproj", "{ED1181E1-1348-4C44-A89B-B9B10D1F5EED}"
EndProject
Global
	GlobalSection(SolutionConfigurationPlatforms) = preSolution
		Debug|Any CPU = Debug|Any CPU
		Release|Any CPU = Release|Any CPU
	EndGlobalSection
	GlobalSection(ProjectConfigurationPlatforms) = postSolution
		{ED1181E1-1348-4C44-A89B-B9B10D1F5EED}.Debug|Any CPU.ActiveCfg = Debug|Any CPU
		{ED1181E1-1348-4C44-A89B-B9B10D1F5EED}.Debug|Any CPU.Build.0 = Debug|Any CPU
		{ED1181E1-1348-4C44-A89B-B9B10D1F5EED}.Release|Any CPU.ActiveCfg = Release|Any CPU
		{ED1181E1-1348-4C44-A89B-B9B10D1F5EED}.Release|Any CPU.Build.0 = Release|Any CPU
	EndGlobalSection
	GlobalSection(SolutionProperties) = preSolution
		HideSolutionNode = FALSE
	EndGlobalSection
	GlobalSection(ExtensibilityGlobals) = postSolution
		SolutionGuid = {8A359F2A-4368-4839-AB48-B73E6A944B6A}
	EndGlobalSection
EndGlobal
